{
  "name": "a11y-testing-bundle",
  "version": "1.0.0",
  "lockfileVersion": 3,
  "requires": true,
  "packages": {
    "": {
      "name": "a11y-testing-bundle",
      "version": "1.0.0",
      "license": "MIT",
      "devDependencies": {},
      "engines": {
        "node": ">=16.0.0"
      }
    }
  }
}
